
Microsoft Visual Studio Solution File, Format Version 12.00
# Visual Studio Version 17
VisualStudioVersion = 17.2.32630.192
MinimumVisualStudioVersion = 10.0.40219.1
Project("{8BC9CEB8-8B4A-11D0-8D11-00A0C91BC942}") = "2021.1.0+", "2021.1.0+\2021.1.0+.vcxproj", "{449AA679-7280-4926-89D4-816294B96326}"
EndProject
Global
	GlobalSection(SolutionConfigurationPlatforms) = preSolution
		Debug|x64 = Debug|x64
		Debug|x86 = Debug|x86
		Release|x64 = Release|x64
		Release|x86 = Release|x86
	EndGlobalSection
	GlobalSection(ProjectConfigurationPlatforms) = postSolution
		{449AA679-7280-4926-89D4-816294B96326}.Debug|x64.ActiveCfg = Debug|x64
		{449AA679-7280-4926-89D4-816294B96326}.Debug|x64.Build.0 = Debug|x64
		{449AA679-7280-4926-89D4-816294B96326}.Debug|x86.ActiveCfg = Debug|Win32
		{449AA679-7280-4926-89D4-816294B96326}.Debug|x86.Build.0 = Debug|Win32
		{449AA679-7280-4926-89D4-816294B96326}.Release|x64.ActiveCfg = Release|x64
		{449AA679-7280-4926-89D4-816294B96326}.Release|x64.Build.0 = Release|x64
		{449AA679-7280-4926-89D4-816294B96326}.Release|x86.ActiveCfg = Release|Win32
		{449AA679-7280-4926-89D4-816294B96326}.Release|x86.Build.0 = Release|Win32
	EndGlobalSection
	GlobalSection(SolutionProperties) = preSolution
		HideSolutionNode = FALSE
	EndGlobalSection
	GlobalSection(ExtensibilityGlobals) = postSolution
		SolutionGuid = {1D923EFD-1BE6-4DE6-81B6-8A7485AB717E}
	EndGlobalSection
EndGlobal
